<?xml version="1.0" encoding="utf-8"?>
<Project ToolsVersion="4.0" xmlns="http://schemas.microsoft.com/developer/msbuild/2003">
  <ItemGroup>
    <Filter Include="source">
      <UniqueIdentifier>{24a8fe08-4c99-4477-bdd3-ffc4e439fd80}</UniqueIdentifier>
    </Filter>
  </ItemGroup>
  <ItemGroup>
    <ClCompile Include="Window.cpp">
      <Filter>source</Filter>
    </ClCompile>
  </ItemGroup>
  <ItemGroup>
    <ClInclude Include="Window.h">
      <Filter>source</Filter>
    </ClInclude>
  </ItemGroup>
</Project>