
Microsoft Visual Studio Solution File, Format Version 12.00
# Visual Studio Version 17
VisualStudioVersion = 17.14.37301.10
MinimumVisualStudioVersion = 10.0.40219.1
Project("{8BC9CEB8-8B4A-11D0-8D11-00A0C91BC942}") = "DirectX12", "DirectX12\DirectX12.vcxproj", "{B7157BAA-E05F-4B67-A40F-4DDC95F518F8}"
EndProject
Project("{8BC9CEB8-8B4A-11D0-8D11-00A0C91BC942}") = "Windows", "Windows\Windows.vcxproj", "{7C4C48DA-1012-4891-B2C9-C77E8F97BF7E}"
EndProject
Project("{8BC9CEB8-8B4A-11D0-8D11-00A0C91BC942}") = "Application", "Application\Application.vcxproj", "{66C5134D-657D-4F8D-9F09-76BE8AE4C1F6}"
EndProject
Project("{8BC9CEB8-8B4A-11D0-8D11-00A0C91BC942}") = "LocalLLM", "LocalLLM\LocalLLM.vcxproj", "{51EB3E23-22B9-4679-9DC7-2DDC13272751}"
EndProject
Project("{8BC9CEB8-8B4A-11D0-8D11-00A0C91BC942}") = "Helper", "Helper\Helper.vcxproj", "{63C13118-4AB6-4F5D-8EB3-6BA4A741C8D8}"
EndProject
Project("{8BC9CEB8-8B4A-11D0-8D11-00A0C91BC942}") = "Thread", "thread\thread.vcxproj", "{A244D6E1-5559-400B-BB8D-35A0188F1323}"
EndProject
Project("{8BC9CEB8-8B4A-11D0-8D11-00A0C91BC942}") = "Manager", "Manager\Manager.vcxproj", "{9AA7B4AE-E54B-48A1-A715-608347DEF720}"
EndProject
Project("{8BC9CEB8-8B4A-11D0-8D11-00A0C91BC942}") = "DirectXTex_Desktop_2022_Win10", "ThirdParty\DirectXTex\DirectXTex\DirectXTex_Desktop_2022_Win10.vcxproj", "{371B9FA9-4C90-4AC6-A123-ACED756D6C77}"
EndProject
Global
	GlobalSection(SolutionConfigurationPlatforms) = preSolution
		Debug|x64 = Debug|x64
		Debug|x86 = Debug|x86
		Release|x64 = Release|x64
		Release|x86 = Release|x86
	EndGlobalSection
	GlobalSection(ProjectConfigurationPlatforms) = postSolution
		{B7157BAA-E05F-4B67-A40F-4DDC95F518F8}.Debug|x64.ActiveCfg = Debug|x64
		{B7157BAA-E05F-4B67-A40F-4DDC95F518F8}.Debug|x64.Build.0 = Debug|x64
		{B7157BAA-E05F-4B67-A40F-4DDC95F518F8}.Debug|x86.ActiveCfg = Debug|Win32
		{B7157BAA-E05F-4B67-A40F-4DDC95F518F8}.Debug|x86.Build.0 = Debug|Win32
		{B7157BAA-E05F-4B67-A40F-4DDC95F518F8}.Release|x64.ActiveCfg = Release|x64
		{B7157BAA-E05F-4B67-A40F-4DDC95F518F8}.Release|x64.Build.0 = Release|x64
		{B7157BAA-E05F-4B67-A40F-4DDC95F518F8}.Release|x86.ActiveCfg = Release|Win32
		{B7157BAA-E05F-4B67-A40F-4DDC95F518F8}.Release|x86.Build.0 = Release|Win32
		{7C4C48DA-1012-4891-B2C9-C77E8F97BF7E}.Debug|x64.ActiveCfg = Debug|x64
		{7C4C48DA-1012-4891-B2C9-C77E8F97BF7E}.Debug|x64.Build.0 = Debug|x64
		{7C4C48DA-1012-4891-B2C9-C77E8F97BF7E}.Debug|x86.ActiveCfg = Debug|Win32
		{7C4C48DA-1012-4891-B2C9-C77E8F97BF7E}.Debug|x86.Build.0 = Debug|Win32
		{7C4C48DA-1012-4891-B2C9-C77E8F97BF7E}.Release|x64.ActiveCfg = Release|x64
		{7C4C48DA-1012-4891-B2C9-C77E8F97BF7E}.Release|x64.Build.0 = Release|x64
		{7C4C48DA-1012-4891-B2C9-C77E8F97BF7E}.Release|x86.ActiveCfg = Release|Win32
		{7C4C48DA-1012-4891-B2C9-C77E8F97BF7E}.Release|x86.Build.0 = Release|Win32
		{66C5134D-657D-4F8D-9F09-76BE8AE4C1F6}.Debug|x64.ActiveCfg = Debug|x64
		{66C5134D-657D-4F8D-9F09-76BE8AE4C1F6}.Debug|x64.Build.0 = Debug|x64
		{66C5134D-657D-4F8D-9F09-76BE8AE4C1F6}.Debug|x86.ActiveCfg = Debug|Win32
		{66C5134D-657D-4F8D-9F09-76BE8AE4C1F6}.Debug|x86.Build.0 = Debug|Win32
		{66C5134D-657D-4F8D-9F09-76BE8AE4C1F6}.Release|x64.ActiveCfg = Release|x64
		{66C5134D-657D-4F8D-9F09-76BE8AE4C1F6}.Release|x64.Build.0 = Release|x64
		{66C5134D-657D-4F8D-9F09-76BE8AE4C1F6}.Release|x86.ActiveCfg = Release|Win32
		{66C5134D-657D-4F8D-9F09-76BE8AE4C1F6}.Release|x86.Build.0 = Release|Win32
		{51EB3E23-22B9-4679-9DC7-2DDC13272751}.Debug|x64.ActiveCfg = Debug|x64
		{51EB3E23-22B9-4679-9DC7-2DDC13272751}.Debug|x64.Build.0 = Debug|x64
		{51EB3E23-22B9-4679-9DC7-2DDC13272751}.Debug|x86.ActiveCfg = Debug|Win32
		{51EB3E23-22B9-4679-9DC7-2DDC13272751}.Debug|x86.Build.0 = Debug|Win32
		{51EB3E23-22B9-4679-9DC7-2DDC13272751}.Release|x64.ActiveCfg = Release|x64
		{51EB3E23-22B9-4679-9DC7-2DDC13272751}.Release|x64.Build.0 = Release|x64
		{51EB3E23-22B9-4679-9DC7-2DDC13272751}.Release|x86.ActiveCfg = Release|Win32
		{51EB3E23-22B9-4679-9DC7-2DDC13272751}.Release|x86.Build.0 = Release|Win32
		{63C13118-4AB6-4F5D-8EB3-6BA4A741C8D8}.Debug|x64.ActiveCfg = Debug|x64
		{63C13118-4AB6-4F5D-8EB3-6BA4A741C8D8}.Debug|x64.Build.0 = Debug|x64
		{63C13118-4AB6-4F5D-8EB3-6BA4A741C8D8}.Debug|x86.ActiveCfg = Debug|Win32
		{63C13118-4AB6-4F5D-8EB3-6BA4A741C8D8}.Debug|x86.Build.0 = Debug|Win32
		{63C13118-4AB6-4F5D-8EB3-6BA4A741C8D8}.Release|x64.ActiveCfg = Release|x64
		{63C13118-4AB6-4F5D-8EB3-6BA4A741C8D8}.Release|x64.Build.0 = Release|x64
		{63C13118-4AB6-4F5D-8EB3-6BA4A741C8D8}.Release|x86.ActiveCfg = Release|Win32
		{63C13118-4AB6-4F5D-8EB3-6BA4A741C8D8}.Release|x86.Build.0 = Release|Win32
		{A244D6E1-5559-400B-BB8D-35A0188F1323}.Debug|x64.ActiveCfg = Debug|x64
		{A244D6E1-5559-400B-BB8D-35A0188F1323}.Debug|x64.Build.0 = Debug|x64
		{A244D6E1-5559-400B-BB8D-35A0188F1323}.Debug|x86.ActiveCfg = Debug|Win32
		{A244D6E1-5559-400B-BB8D-35A0188F1323}.Debug|x86.Build.0 = Debug|Win32
		{A244D6E1-5559-400B-BB8D-35A0188F1323}.Release|x64.ActiveCfg = Release|x64
		{A244D6E1-5559-400B-BB8D-35A0188F1323}.Release|x64.Build.0 = Release|x64
		{A244D6E1-5559-400B-BB8D-35A0188F1323}.Release|x86.ActiveCfg = Release|Win32
		{A244D6E1-5559-400B-BB8D-35A0188F1323}.Release|x86.Build.0 = Release|Win32
		{9AA7B4AE-E54B-48A1-A715-608347DEF720}.Debug|x64.ActiveCfg = Debug|x64
		{9AA7B4AE-E54B-48A1-A715-608347DEF720}.Debug|x64.Build.0 = Debug|x64
		{9AA7B4AE-E54B-48A1-A715-608347DEF720}.Debug|x86.ActiveCfg = Debug|Win32
		{9AA7B4AE-E54B-48A1-A715-608347DEF720}.Debug|x86.Build.0 = Debug|Win32
		{9AA7B4AE-E54B-48A1-A715-608347DEF720}.Release|x64.ActiveCfg = Release|x64
		{9AA7B4AE-E54B-48A1-A715-608347DEF720}.Release|x64.Build.0 = Release|x64
		{9AA7B4AE-E54B-48A1-A715-608347DEF720}.Release|x86.ActiveCfg = Release|Win32
		{9AA7B4AE-E54B-48A1-A715-608347DEF720}.Release|x86.Build.0 = Release|Win32
		{371B9FA9-4C90-4AC6-A123-ACED756D6C77}.Debug|x64.ActiveCfg = Debug|x64
		{371B9FA9-4C90-4AC6-A123-ACED756D6C77}.Debug|x64.Build.0 = Debug|x64
		{371B9FA9-4C90-4AC6-A123-ACED756D6C77}.Debug|x86.ActiveCfg = Debug|Win32
		{371B9FA9-4C90-4AC6-A123-ACED756D6C77}.Debug|x86.Build.0 = Debug|Win32
		{371B9FA9-4C90-4AC6-A123-ACED756D6C77}.Release|x64.ActiveCfg = Release|x64
		{371B9FA9-4C90-4AC6-A123-ACED756D6C77}.Release|x64.Build.0 = Release|x64
		{371B9FA9-4C90-4AC6-A123-ACED756D6C77}.Release|x86.ActiveCfg = Release|Win32
		{371B9FA9-4C90-4AC6-A123-ACED756D6C77}.Release|x86.Build.0 = Release|Win32
	EndGlobalSection
	GlobalSection(SolutionProperties) = preSolution
		HideSolutionNode = FALSE
	EndGlobalSection
	GlobalSection(ExtensibilityGlobals) = postSolution
		SolutionGuid = {3CEDB062-D871-4F80-BD8C-71DD230804E4}
	EndGlobalSection
EndGlobal
