<?xml version="1.0" encoding="utf-8"?>
<Project ToolsVersion="4.0" xmlns="http://schemas.microsoft.com/developer/msbuild/2003">
  <ItemGroup>
    <Filter Include="Source">
      <UniqueIdentifier>{a33cf721-5b11-4a7e-a2a0-91b7cb08bb0c}</UniqueIdentifier>
    </Filter>
  </ItemGroup>
  <ItemGroup>
    <ClInclude Include="Component.h">
      <Filter>Source</Filter>
    </ClInclude>
    <ClInclude Include="Camera.h">
      <Filter>Source</Filter>
    </ClInclude>
    <ClInclude Include="MeshRender.h">
      <Filter>Source</Filter>
    </ClInclude>
  </ItemGroup>
  <ItemGroup>
    <ClCompile Include="Camera.cpp">
      <Filter>Source</Filter>
    </ClCompile>
    <ClCompile Include="MeshRender.cpp">
      <Filter>Source</Filter>
    </ClCompile>
  </ItemGroup>
</Project>